// !$*UTF8*$!
{
	archiveVersion = 1;
	classes = {
	};
	objectVersion = 46;
	objects = {

/* Begin PBXBuildFile section */
		D369E2D91C56883F00DDB2AA /* HttpClient.swift in Sources */ = {isa = PBXBuildFile; fileRef = D369E2D11C56883F00DDB2AA /* HttpClient.swift */; };
		D369E2DB1C56883F00DDB2AA /* SocketRocket.framework in Frameworks */ = {isa = PBXBuildFile; fileRef = D369E2D41C56883F00DDB2AA /* SocketRocket.framework */; };
		D369E2DC1C56883F00DDB2AA /* StockFighterApiClient.swift in Sources */ = {isa = PBXBuildFile; fileRef = D369E2D51C56883F00DDB2AA /* StockFighterApiClient.swift */; };
		D369E2DD1C56883F00DDB2AA /* StockFighterGmClient.swift in Sources */ = {isa = PBXBuildFile; fileRef = D369E2D61C56883F00DDB2AA /* StockFighterGmClient.swift */; };
		D369E2DE1C56883F00DDB2AA /* Utils.swift in Sources */ = {isa = PBXBuildFile; fileRef = D369E2D71C56883F00DDB2AA /* Utils.swift */; };
		D369E2DF1C56883F00DDB2AA /* WebSocketClient.swift in Sources */ = {isa = PBXBuildFile; fileRef = D369E2D81C56883F00DDB2AA /* WebSocketClient.swift */; };
		D369E2E01C56885D00DDB2AA /* SocketRocket.framework in CopyFiles */ = {isa = PBXBuildFile; fileRef = D369E2D41C56883F00DDB2AA /* SocketRocket.framework */; settings = {ATTRIBUTES = (CodeSignOnCopy, RemoveHeadersOnCopy, ); }; };
		D39031571C53EB5C00D222FA /* level2-chock_a_block.swift in Sources */ = {isa = PBXBuildFile; fileRef = D39031561C53EB5C00D222FA /* level2-chock_a_block.swift */; };
		D390315B1C53F0FF00D222FA /* TradingEngine.swift in Sources */ = {isa = PBXBuildFile; fileRef = D390315A1C53F0FF00D222FA /* TradingEngine.swift */; };
		D3A7C5151C29BFC000634BBF /* main.swift in Sources */ = {isa = PBXBuildFile; fileRef = D3A7C5141C29BFC000634BBF /* main.swift */; };
/* End PBXBuildFile section */

/* Begin PBXCopyFilesBuildPhase section */
		D3F543B61C46C59000C77F65 /* CopyFiles */ = {
			isa = PBXCopyFilesBuildPhase;
			buildActionMask = 2147483647;
			dstPath = "";
			dstSubfolderSpec = 10;
			files = (
				D369E2E01C56885D00DDB2AA /* SocketRocket.framework in CopyFiles */,
			);
			runOnlyForDeploymentPostprocessing = 0;
		};
/* End PBXCopyFilesBuildPhase section */

/* Begin PBXFileReference section */
		D369E2D11C56883F00DDB2AA /* HttpClient.swift */ = {isa = PBXFileReference; fileEncoding = 4; lastKnownFileType = sourcecode.swift; name = HttpClient.swift; path = StockFighterApiClient/HttpClient.swift; sourceTree = SOURCE_ROOT; };
		D369E2D21C56883F00DDB2AA /* LICENSE */ = {isa = PBXFileReference; fileEncoding = 4; lastKnownFileType = text; name = LICENSE; path = StockFighterApiClient/LICENSE; sourceTree = SOURCE_ROOT; };
		D369E2D31C56883F00DDB2AA /* README.md */ = {isa = PBXFileReference; fileEncoding = 4; lastKnownFileType = net.daringfireball.markdown; name = README.md; path = StockFighterApiClient/README.md; sourceTree = SOURCE_ROOT; };
		D369E2D41C56883F00DDB2AA /* SocketRocket.framework */ = {isa = PBXFileReference; lastKnownFileType = wrapper.framework; name = SocketRocket.framework; path = StockFighterApiClient/SocketRocket.framework; sourceTree = SOURCE_ROOT; };
		D369E2D51C56883F00DDB2AA /* StockFighterApiClient.swift */ = {isa = PBXFileReference; fileEncoding = 4; lastKnownFileType = sourcecode.swift; name = StockFighterApiClient.swift; path = StockFighterApiClient/StockFighterApiClient.swift; sourceTree = SOURCE_ROOT; };
		D369E2D61C56883F00DDB2AA /* StockFighterGmClient.swift */ = {isa = PBXFileReference; fileEncoding = 4; lastKnownFileType = sourcecode.swift; name = StockFighterGmClient.swift; path = StockFighterApiClient/StockFighterGmClient.swift; sourceTree = SOURCE_ROOT; };
		D369E2D71C56883F00DDB2AA /* Utils.swift */ = {isa = PBXFileReference; fileEncoding = 4; lastKnownFileType = sourcecode.swift; name = Utils.swift; path = StockFighterApiClient/Utils.swift; sourceTree = SOURCE_ROOT; };
		D369E2D81C56883F00DDB2AA /* WebSocketClient.swift */ = {isa = PBXFileReference; fileEncoding = 4; lastKnownFileType = sourcecode.swift; name = WebSocketClient.swift; path = StockFighterApiClient/WebSocketClient.swift; sourceTree = SOURCE_ROOT; };
		D39031561C53EB5C00D222FA /* level2-chock_a_block.swift */ = {isa = PBXFileReference; fileEncoding = 4; lastKnownFileType = sourcecode.swift; path = "level2-chock_a_block.swift"; sourceTree = "<group>"; };
		D390315A1C53F0FF00D222FA /* TradingEngine.swift */ = {isa = PBXFileReference; fileEncoding = 4; lastKnownFileType = sourcecode.swift; path = TradingEngine.swift; sourceTree = "<group>"; };
		D3A7C5111C29BFC000634BBF /* StockFighter */ = {isa = PBXFileReference; explicitFileType = "compiled.mach-o.executable"; includeInIndex = 0; path = StockFighter; sourceTree = BUILT_PRODUCTS_DIR; };
		D3A7C5141C29BFC000634BBF /* main.swift */ = {isa = PBXFileReference; lastKnownFileType = sourcecode.swift; path = main.swift; sourceTree = "<group>"; };
		D3A7C51B1C29BFE800634BBF /* README.txt */ = {isa = PBXFileReference; fileEncoding = 4; lastKnownFileType = text; path = README.txt; sourceTree = "<group>"; };
		D3A7C51C1C29C0A700634BBF /* persistent_key */ = {isa = PBXFileReference; fileEncoding = 4; lastKnownFileType = text; path = persistent_key; sourceTree = "<group>"; };
/* End PBXFileReference section */

/* Begin PBXFrameworksBuildPhase section */
		D3A7C50E1C29BFC000634BBF /* Frameworks */ = {
			isa = PBXFrameworksBuildPhase;
			buildActionMask = 2147483647;
			files = (
				D369E2DB1C56883F00DDB2AA /* SocketRocket.framework in Frameworks */,
			);
			runOnlyForDeploymentPostprocessing = 0;
		};
/* End PBXFrameworksBuildPhase section */

/* Begin PBXGroup section */
		D37AF5171C55485B00F173DD /* StockFighterApiClient */ = {
			isa = PBXGroup;
			children = (
				D369E2D11C56883F00DDB2AA /* HttpClient.swift */,
				D369E2D21C56883F00DDB2AA /* LICENSE */,
				D369E2D31C56883F00DDB2AA /* README.md */,
				D369E2D41C56883F00DDB2AA /* SocketRocket.framework */,
				D369E2D51C56883F00DDB2AA /* StockFighterApiClient.swift */,
				D369E2D61C56883F00DDB2AA /* StockFighterGmClient.swift */,
				D369E2D71C56883F00DDB2AA /* Utils.swift */,
				D369E2D81C56883F00DDB2AA /* WebSocketClient.swift */,
			);
			name = StockFighterApiClient;
			sourceTree = "<group>";
		};
		D3A7C5081C29BFC000634BBF = {
			isa = PBXGroup;
			children = (
				D3A7C51B1C29BFE800634BBF /* README.txt */,
				D3A7C5131C29BFC000634BBF /* StockFighter */,
				D3A7C5121C29BFC000634BBF /* Products */,
			);
			sourceTree = "<group>";
		};
		D3A7C5121C29BFC000634BBF /* Products */ = {
			isa = PBXGroup;
			children = (
				D3A7C5111C29BFC000634BBF /* StockFighter */,
			);
			name = Products;
			sourceTree = "<group>";
		};
		D3A7C5131C29BFC000634BBF /* StockFighter */ = {
			isa = PBXGroup;
			children = (
				D37AF5171C55485B00F173DD /* StockFighterApiClient */,
				D3A7C5141C29BFC000634BBF /* main.swift */,
				D39031561C53EB5C00D222FA /* level2-chock_a_block.swift */,
				D3A7C51C1C29C0A700634BBF /* persistent_key */,
				D390315A1C53F0FF00D222FA /* TradingEngine.swift */,
			);
			path = StockFighter;
			sourceTree = "<group>";
		};
/* End PBXGroup section */

/* Begin PBXNativeTarget section */
		D3A7C5101C29BFC000634BBF /* StockFighter */ = {
			isa = PBXNativeTarget;
			buildConfigurationList = D3A7C5181C29BFC000634BBF /* Build configuration list for PBXNativeTarget "StockFighter" */;
			buildPhases = (
				D3A7C50D1C29BFC000634BBF /* Sources */,
				D3A7C50E1C29BFC000634BBF /* Frameworks */,
				D3F543B61C46C59000C77F65 /* CopyFiles */,
			);
			buildRules = (
			);
			dependencies = (
			);
			name = StockFighter;
			productName = StockFighter;
			productReference = D3A7C5111C29BFC000634BBF /* StockFighter */;
			productType = "com.apple.product-type.tool";
		};
/* End PBXNativeTarget section */

/* Begin PBXProject section */
		D3A7C5091C29BFC000634BBF /* Project object */ = {
			isa = PBXProject;
			attributes = {
				LastSwiftUpdateCheck = 0720;
				LastUpgradeCheck = 0720;
				ORGANIZATIONNAME = "Orion Edwards";
				TargetAttributes = {
					D3A7C5101C29BFC000634BBF = {
						CreatedOnToolsVersion = 7.2;
					};
				};
			};
			buildConfigurationList = D3A7C50C1C29BFC000634BBF /* Build configuration list for PBXProject "StockFighter" */;
			compatibilityVersion = "Xcode 3.2";
			developmentRegion = English;
			hasScannedForEncodings = 0;
			knownRegions = (
				en,
			);
			mainGroup = D3A7C5081C29BFC000634BBF;
			productRefGroup = D3A7C5121C29BFC000634BBF /* Products */;
			projectDirPath = "";
			projectRoot = "";
			targets = (
				D3A7C5101C29BFC000634BBF /* StockFighter */,
			);
		};
/* End PBXProject section */

/* Begin PBXSourcesBuildPhase section */
		D3A7C50D1C29BFC000634BBF /* Sources */ = {
			isa = PBXSourcesBuildPhase;
			buildActionMask = 2147483647;
			files = (
				D369E2DD1C56883F00DDB2AA /* StockFighterGmClient.swift in Sources */,
				D369E2DC1C56883F00DDB2AA /* StockFighterApiClient.swift in Sources */,
				D3A7C5151C29BFC000634BBF /* main.swift in Sources */,
				D39031571C53EB5C00D222FA /* level2-chock_a_block.swift in Sources */,
				D369E2DF1C56883F00DDB2AA /* WebSocketClient.swift in Sources */,
				D369E2D91C56883F00DDB2AA /* HttpClient.swift in Sources */,
				D390315B1C53F0FF00D222FA /* TradingEngine.swift in Sources */,
				D369E2DE1C56883F00DDB2AA /* Utils.swift in Sources */,
			);
			runOnlyForDeploymentPostprocessing = 0;
		};
/* End PBXSourcesBuildPhase section */

/* Begin XCBuildConfiguration section */
		D3A7C5161C29BFC000634BBF /* Debug */ = {
			isa = XCBuildConfiguration;
			buildSettings = {
				ALWAYS_SEARCH_USER_PATHS = NO;
				CLANG_CXX_LANGUAGE_STANDARD = "gnu++0x";
				CLANG_CXX_LIBRARY = "libc++";
				CLANG_ENABLE_MODULES = YES;
				CLANG_ENABLE_OBJC_ARC = YES;
				CLANG_WARN_BOOL_CONVERSION = YES;
				CLANG_WARN_CONSTANT_CONVERSION = YES;
				CLANG_WARN_DIRECT_OBJC_ISA_USAGE = YES_ERROR;
				CLANG_WARN_EMPTY_BODY = YES;
				CLANG_WARN_ENUM_CONVERSION = YES;
				CLANG_WARN_INT_CONVERSION = YES;
				CLANG_WARN_OBJC_ROOT_CLASS = YES_ERROR;
				CLANG_WARN_UNREACHABLE_CODE = YES;
				CLANG_WARN__DUPLICATE_METHOD_MATCH = YES;
				CODE_SIGN_IDENTITY = "-";
				COPY_PHASE_STRIP = NO;
				DEBUG_INFORMATION_FORMAT = dwarf;
				ENABLE_STRICT_OBJC_MSGSEND = YES;
				ENABLE_TESTABILITY = YES;
				GCC_C_LANGUAGE_STANDARD = gnu99;
				GCC_DYNAMIC_NO_PIC = NO;
				GCC_NO_COMMON_BLOCKS = YES;
				GCC_OPTIMIZATION_LEVEL = 0;
				GCC_PREPROCESSOR_DEFINITIONS = (
					"DEBUG=1",
					"$(inherited)",
				);
				GCC_WARN_64_TO_32_BIT_CONVERSION = YES;
				GCC_WARN_ABOUT_RETURN_TYPE = YES_ERROR;
				GCC_WARN_UNDECLARED_SELECTOR = YES;
				GCC_WARN_UNINITIALIZED_AUTOS = YES_AGGRESSIVE;
				GCC_WARN_UNUSED_FUNCTION = YES;
				GCC_WARN_UNUSED_VARIABLE = YES;
				MACOSX_DEPLOYMENT_TARGET = 10.11;
				MTL_ENABLE_DEBUG_INFO = YES;
				ONLY_ACTIVE_ARCH = YES;
				SDKROOT = macosx;
				SWIFT_OPTIMIZATION_LEVEL = "-Onone";
			};
			name = Debug;
		};
		D3A7C5171C29BFC000634BBF /* Release */ = {
			isa = XCBuildConfiguration;
			buildSettings = {
				ALWAYS_SEARCH_USER_PATHS = NO;
				CLANG_CXX_LANGUAGE_STANDARD = "gnu++0x";
				CLANG_CXX_LIBRARY = "libc++";
				CLANG_ENABLE_MODULES = YES;
				CLANG_ENABLE_OBJC_ARC = YES;
				CLANG_WARN_BOOL_CONVERSION = YES;
				CLANG_WARN_CONSTANT_CONVERSION = YES;
				CLANG_WARN_DIRECT_OBJC_ISA_USAGE = YES_ERROR;
				CLANG_WARN_EMPTY_BODY = YES;
				CLANG_WARN_ENUM_CONVERSION = YES;
				CLANG_WARN_INT_CONVERSION = YES;
				CLANG_WARN_OBJC_ROOT_CLASS = YES_ERROR;
				CLANG_WARN_UNREACHABLE_CODE = YES;
				CLANG_WARN__DUPLICATE_METHOD_MATCH = YES;
				CODE_SIGN_IDENTITY = "-";
				COPY_PHASE_STRIP = NO;
				DEBUG_INFORMATION_FORMAT = "dwarf-with-dsym";
				ENABLE_NS_ASSERTIONS = NO;
				ENABLE_STRICT_OBJC_MSGSEND = YES;
				GCC_C_LANGUAGE_STANDARD = gnu99;
				GCC_NO_COMMON_BLOCKS = YES;
				GCC_WARN_64_TO_32_BIT_CONVERSION = YES;
				GCC_WARN_ABOUT_RETURN_TYPE = YES_ERROR;
				GCC_WARN_UNDECLARED_SELECTOR = YES;
				GCC_WARN_UNINITIALIZED_AUTOS = YES_AGGRESSIVE;
				GCC_WARN_UNUSED_FUNCTION = YES;
				GCC_WARN_UNUSED_VARIABLE = YES;
				MACOSX_DEPLOYMENT_TARGET = 10.11;
				MTL_ENABLE_DEBUG_INFO = NO;
				SDKROOT = macosx;
			};
			name = Release;
		};
		D3A7C5191C29BFC000634BBF /* Debug */ = {
			isa = XCBuildConfiguration;
			buildSettings = {
				FRAMEWORK_SEARCH_PATHS = "$(PROJECT_DIR)/StockFighterApiClient";
				PRODUCT_NAME = "$(TARGET_NAME)";
				SWIFT_OBJC_BRIDGING_HEADER = "";
			};
			name = Debug;
		};
		D3A7C51A1C29BFC000634BBF /* Release */ = {
			isa = XCBuildConfiguration;
			buildSettings = {
				FRAMEWORK_SEARCH_PATHS = "$(PROJECT_DIR)/StockFighterApiClient";
				PRODUCT_NAME = "$(TARGET_NAME)";
				SWIFT_OBJC_BRIDGING_HEADER = "";
			};
			name = Release;
		};
/* End XCBuildConfiguration section */

/* Begin XCConfigurationList section */
		D3A7C50C1C29BFC000634BBF /* Build configuration list for PBXProject "StockFighter" */ = {
			isa = XCConfigurationList;
			buildConfigurations = (
				D3A7C5161C29BFC000634BBF /* Debug */,
				D3A7C5171C29BFC000634BBF /* Release */,
			);
			defaultConfigurationIsVisible = 0;
			defaultConfigurationName = Release;
		};
		D3A7C5181C29BFC000634BBF /* Build configuration list for PBXNativeTarget "StockFighter" */ = {
			isa = XCConfigurationList;
			buildConfigurations = (
				D3A7C5191C29BFC000634BBF /* Debug */,
				D3A7C51A1C29BFC000634BBF /* Release */,
			);
			defaultConfigurationIsVisible = 0;
			defaultConfigurationName = Release;
		};
/* End XCConfigurationList section */
	};
	rootObject = D3A7C5091C29BFC000634BBF /* Project object */;
}
